{
  "version": 4,
  "terraform_version": "1.12.1",
  "serial": 43,
  "lineage": "743dbe5c-75b6-551d-9878-00769938fd26",
  "outputs": {
    "external_ips": {
      "value": {
        "k8s-master": "158.160.83.224",
        "k8s-worker-1": "158.160.93.25",
        "k8s-worker-2": "158.160.64.187",
        "k8s-worker-3": "158.160.83.173"
      },
      "type": [
        "object",
        {
          "k8s-master": "string",
          "k8s-worker-1": "string",
          "k8s-worker-2": "string",
          "k8s-worker-3": "string"
        }
      ]
    }
  },
  "resources": [
    {
      "mode": "data",
      "type": "yandex_compute_image",
      "name": "ubuntu",
      "provider": "provider[\"registry.terraform.io/yandex-cloud/yandex\"]",
      "instances": [
        {
          "schema_version": 0,
          "attributes": {
            "created_at": "2025-06-02T11:06:56Z",
            "description": "Ubuntu 22.04 lts v20250530030157",
            "family": "ubuntu-2204-lts",
            "folder_id": "standard-images",
            "hardware_generation": [
              {
                "generation2_features": [],
                "legacy_features": [
                  {
                    "pci_topology": "PCI_TOPOLOGY_V2"
                  }
                ]
              }
            ],
            "id": "fd8ll63hk9brrfbfe0tl",
            "image_id": "fd8ll63hk9brrfbfe0tl",
            "kms_key_id": null,
            "labels": {
              "version": "20250530030157"
            },
            "min_disk_size": 8,
            "name": "ubuntu-22-04-lts-v20250602",
            "os_type": "linux",
            "pooled": true,
            "product_ids": [
              "f2e3a9rjuevlgdsn0lqm"
            ],
            "size": 2,
            "status": "ready"
          },
          "sensitive_attributes": [],
          "identity_schema_version": 0
        }
      ]
    },
    {
      "mode": "managed",
      "type": "yandex_compute_instance",
      "name": "k8s_nodes",
      "provider": "provider[\"registry.terraform.io/yandex-cloud/yandex\"]",
      "instances": [
        {
          "index_key": 0,
          "schema_version": 1,
          "attributes": {
            "allow_recreate": null,
            "allow_stopping_for_update": null,
            "boot_disk": [
              {
                "auto_delete": true,
                "device_name": "epd0ulb30m2i7knqaj8j",
                "disk_id": "epd0ulb30m2i7knqaj8j",
                "initialize_params": [
                  {
                    "block_size": 4096,
                    "description": "",
                    "image_id": "fd8ll63hk9brrfbfe0tl",
                    "kms_key_id": "",
                    "name": "",
                    "size": 20,
                    "snapshot_id": "",
                    "type": "network-hdd"
                  }
                ],
                "mode": "READ_WRITE"
              }
            ],
            "created_at": "2025-06-08T18:49:15Z",
            "description": "",
            "filesystem": [],
            "folder_id": "b1gjbtfobj69akrsh9gk",
            "fqdn": "k8s-master.ru-central1.internal",
            "gpu_cluster_id": "",
            "hardware_generation": [
              {
                "generation2_features": [],
                "legacy_features": [
                  {
                    "pci_topology": "PCI_TOPOLOGY_V2"
                  }
                ]
              }
            ],
            "hostname": "k8s-master",
            "id": "epdhbhbk5co6j04uc504",
            "labels": null,
            "local_disk": [],
            "maintenance_grace_period": "",
            "maintenance_policy": null,
            "metadata": {
              "ssh-keys": "ubuntu:ssh-rsa AAAAB3NzaC1yc2EAAAADAQABAAACAQC9veUXfX9dSK8Bd3X0b8/VjnB0fX28fPQ4Epjcbi0KsHaFvQe5WxzTluH1XWUlA2cEUv7QJbZbbgAVX14cu5tk4fSoI2dosP+EKs67QGS9nZ5hjrObnFxQ7EzcNXYeZkok2L7jePrhA3czqXg39pfJ+SxbPF4YNrPZQCV08ZrGgQDlACYIkTcS9eyG0f3Hfauy2GDgG9ZZ10Tzp0JI+KYqTOd/816kqrVManGgW85AYa+lPdFlybe00jHCoYfpqAo3RKIBRI91D4tNsgC5JPkCPZ6K9G64mKYM9PPCImLq6w39U2hCupeiDEXCZBnVVDYPPQ8SqLkB67++8fZneWsAy+N+rIJFobtlRRvsM+i+AYOV/6Zf3EGfPADeU3tLVMeMpaslfcP5i56PxSW4RcW+E5euiC52mynzprmUj9tPbW/+987NOsRBs/TPVJIHwKoHDWi4hnkEuePrHTkfiABPHzq9aQj8H09oWG++v2ogGDR0dxL3Hb8JM4N8QwsqunGlJgxgtTYH4zkmtJqKvv+T81TB8D1RYVl++iE+4iNB5hIbSwTlaSK5C7+CkLpLb/CHSas2Y5tPIVfgWVGuJ90GjzvNCHt21OwKWnOzt1uH/sMBgu70yqBL1iZCc1CRlfn3kVOFNd7sxwix5CM/X/DIakc1CJ9gFRuEID58cI1iGw== test\n"
            },
            "metadata_options": [
              {
                "aws_v1_http_endpoint": 1,
                "aws_v1_http_token": 2,
                "gce_http_endpoint": 1,
                "gce_http_token": 1
              }
            ],
            "name": "k8s-master",
            "network_acceleration_type": "standard",
            "network_interface": [
              {
                "dns_record": [],
                "index": 0,
                "ip_address": "10.240.0.11",
                "ipv4": true,
                "ipv6": false,
                "ipv6_address": "",
                "ipv6_dns_record": [],
                "mac_address": "d0:0d:11:5c:57:42",
                "nat": true,
                "nat_dns_record": [],
                "nat_ip_address": "158.160.83.224",
                "nat_ip_version": "IPV4",
                "security_group_ids": [],
                "subnet_id": "e2llv9ejrp9tnag9d45i"
              }
            ],
            "placement_policy": [
              {
                "host_affinity_rules": [],
                "placement_group_id": "",
                "placement_group_partition": 0
              }
            ],
            "platform_id": "standard-v1",
            "resources": [
              {
                "core_fraction": 100,
                "cores": 2,
                "gpus": 0,
                "memory": 4
              }
            ],
            "scheduling_policy": [
              {
                "preemptible": false
              }
            ],
            "secondary_disk": [],
            "service_account_id": "",
            "status": "running",
            "timeouts": null,
            "zone": "ru-central1-b"
          },
          "sensitive_attributes": [],
          "identity_schema_version": 0,
          "private": "eyJlMmJmYjczMC1lY2FhLTExZTYtOGY4OC0zNDM2M2JjN2M0YzAiOnsiY3JlYXRlIjozMDAwMDAwMDAwMDAsImRlbGV0ZSI6MzAwMDAwMDAwMDAwLCJ1cGRhdGUiOjMwMDAwMDAwMDAwMH0sInNjaGVtYV92ZXJzaW9uIjoiMSJ9",
          "dependencies": [
            "data.yandex_compute_image.ubuntu",
            "yandex_vpc_network.k8s_net",
            "yandex_vpc_subnet.k8s_subnet"
          ]
        },
        {
          "index_key": 1,
          "schema_version": 1,
          "attributes": {
            "allow_recreate": null,
            "allow_stopping_for_update": null,
            "boot_disk": [
              {
                "auto_delete": true,
                "device_name": "epdiu2ob9ende8pfjubb",
                "disk_id": "epdiu2ob9ende8pfjubb",
                "initialize_params": [
                  {
                    "block_size": 4096,
                    "description": "",
                    "image_id": "fd8ll63hk9brrfbfe0tl",
                    "kms_key_id": "",
                    "name": "",
                    "size": 20,
                    "snapshot_id": "",
                    "type": "network-hdd"
                  }
                ],
                "mode": "READ_WRITE"
              }
            ],
            "created_at": "2025-06-08T18:49:15Z",
            "description": "",
            "filesystem": [],
            "folder_id": "b1gjbtfobj69akrsh9gk",
            "fqdn": "k8s-worker-1.ru-central1.internal",
            "gpu_cluster_id": "",
            "hardware_generation": [
              {
                "generation2_features": [],
                "legacy_features": [
                  {
                    "pci_topology": "PCI_TOPOLOGY_V2"
                  }
                ]
              }
            ],
            "hostname": "k8s-worker-1",
            "id": "epdo2hh6bog9kt46ovja",
            "labels": null,
            "local_disk": [],
            "maintenance_grace_period": "",
            "maintenance_policy": null,
            "metadata": {
              "ssh-keys": "ubuntu:ssh-rsa AAAAB3NzaC1yc2EAAAADAQABAAACAQC9veUXfX9dSK8Bd3X0b8/VjnB0fX28fPQ4Epjcbi0KsHaFvQe5WxzTluH1XWUlA2cEUv7QJbZbbgAVX14cu5tk4fSoI2dosP+EKs67QGS9nZ5hjrObnFxQ7EzcNXYeZkok2L7jePrhA3czqXg39pfJ+SxbPF4YNrPZQCV08ZrGgQDlACYIkTcS9eyG0f3Hfauy2GDgG9ZZ10Tzp0JI+KYqTOd/816kqrVManGgW85AYa+lPdFlybe00jHCoYfpqAo3RKIBRI91D4tNsgC5JPkCPZ6K9G64mKYM9PPCImLq6w39U2hCupeiDEXCZBnVVDYPPQ8SqLkB67++8fZneWsAy+N+rIJFobtlRRvsM+i+AYOV/6Zf3EGfPADeU3tLVMeMpaslfcP5i56PxSW4RcW+E5euiC52mynzprmUj9tPbW/+987NOsRBs/TPVJIHwKoHDWi4hnkEuePrHTkfiABPHzq9aQj8H09oWG++v2ogGDR0dxL3Hb8JM4N8QwsqunGlJgxgtTYH4zkmtJqKvv+T81TB8D1RYVl++iE+4iNB5hIbSwTlaSK5C7+CkLpLb/CHSas2Y5tPIVfgWVGuJ90GjzvNCHt21OwKWnOzt1uH/sMBgu70yqBL1iZCc1CRlfn3kVOFNd7sxwix5CM/X/DIakc1CJ9gFRuEID58cI1iGw== test\n"
            },
            "metadata_options": [
              {
                "aws_v1_http_endpoint": 1,
                "aws_v1_http_token": 2,
                "gce_http_endpoint": 1,
                "gce_http_token": 1
              }
            ],
            "name": "k8s-worker-1",
            "network_acceleration_type": "standard",
            "network_interface": [
              {
                "dns_record": [],
                "index": 0,
                "ip_address": "10.240.0.14",
                "ipv4": true,
                "ipv6": false,
                "ipv6_address": "",
                "ipv6_dns_record": [],
                "mac_address": "d0:0d:18:14:62:65",
                "nat": true,
                "nat_dns_record": [],
                "nat_ip_address": "158.160.93.25",
                "nat_ip_version": "IPV4",
                "security_group_ids": [],
                "subnet_id": "e2llv9ejrp9tnag9d45i"
              }
            ],
            "placement_policy": [
              {
                "host_affinity_rules": [],
                "placement_group_id": "",
                "placement_group_partition": 0
              }
            ],
            "platform_id": "standard-v1",
            "resources": [
              {
                "core_fraction": 100,
                "cores": 2,
                "gpus": 0,
                "memory": 4
              }
            ],
            "scheduling_policy": [
              {
                "preemptible": false
              }
            ],
            "secondary_disk": [],
            "service_account_id": "",
            "status": "running",
            "timeouts": null,
            "zone": "ru-central1-b"
          },
          "sensitive_attributes": [],
          "identity_schema_version": 0,
          "private": "eyJlMmJmYjczMC1lY2FhLTExZTYtOGY4OC0zNDM2M2JjN2M0YzAiOnsiY3JlYXRlIjozMDAwMDAwMDAwMDAsImRlbGV0ZSI6MzAwMDAwMDAwMDAwLCJ1cGRhdGUiOjMwMDAwMDAwMDAwMH0sInNjaGVtYV92ZXJzaW9uIjoiMSJ9",
          "dependencies": [
            "data.yandex_compute_image.ubuntu",
            "yandex_vpc_network.k8s_net",
            "yandex_vpc_subnet.k8s_subnet"
          ]
        },
        {
          "index_key": 2,
          "schema_version": 1,
          "attributes": {
            "allow_recreate": null,
            "allow_stopping_for_update": null,
            "boot_disk": [
              {
                "auto_delete": true,
                "device_name": "epd3ivl07edsoaj2nk8o",
                "disk_id": "epd3ivl07edsoaj2nk8o",
                "initialize_params": [
                  {
                    "block_size": 4096,
                    "description": "",
                    "image_id": "fd8ll63hk9brrfbfe0tl",
                    "kms_key_id": "",
                    "name": "",
                    "size": 20,
                    "snapshot_id": "",
                    "type": "network-hdd"
                  }
                ],
                "mode": "READ_WRITE"
              }
            ],
            "created_at": "2025-06-08T18:49:15Z",
            "description": "",
            "filesystem": [],
            "folder_id": "b1gjbtfobj69akrsh9gk",
            "fqdn": "k8s-worker-2.ru-central1.internal",
            "gpu_cluster_id": "",
            "hardware_generation": [
              {
                "generation2_features": [],
                "legacy_features": [
                  {
                    "pci_topology": "PCI_TOPOLOGY_V2"
                  }
                ]
              }
            ],
            "hostname": "k8s-worker-2",
            "id": "epdoo836njjv5613k3ml",
            "labels": null,
            "local_disk": [],
            "maintenance_grace_period": "",
            "maintenance_policy": null,
            "metadata": {
              "ssh-keys": "ubuntu:ssh-rsa AAAAB3NzaC1yc2EAAAADAQABAAACAQC9veUXfX9dSK8Bd3X0b8/VjnB0fX28fPQ4Epjcbi0KsHaFvQe5WxzTluH1XWUlA2cEUv7QJbZbbgAVX14cu5tk4fSoI2dosP+EKs67QGS9nZ5hjrObnFxQ7EzcNXYeZkok2L7jePrhA3czqXg39pfJ+SxbPF4YNrPZQCV08ZrGgQDlACYIkTcS9eyG0f3Hfauy2GDgG9ZZ10Tzp0JI+KYqTOd/816kqrVManGgW85AYa+lPdFlybe00jHCoYfpqAo3RKIBRI91D4tNsgC5JPkCPZ6K9G64mKYM9PPCImLq6w39U2hCupeiDEXCZBnVVDYPPQ8SqLkB67++8fZneWsAy+N+rIJFobtlRRvsM+i+AYOV/6Zf3EGfPADeU3tLVMeMpaslfcP5i56PxSW4RcW+E5euiC52mynzprmUj9tPbW/+987NOsRBs/TPVJIHwKoHDWi4hnkEuePrHTkfiABPHzq9aQj8H09oWG++v2ogGDR0dxL3Hb8JM4N8QwsqunGlJgxgtTYH4zkmtJqKvv+T81TB8D1RYVl++iE+4iNB5hIbSwTlaSK5C7+CkLpLb/CHSas2Y5tPIVfgWVGuJ90GjzvNCHt21OwKWnOzt1uH/sMBgu70yqBL1iZCc1CRlfn3kVOFNd7sxwix5CM/X/DIakc1CJ9gFRuEID58cI1iGw== test\n"
            },
            "metadata_options": [
              {
                "aws_v1_http_endpoint": 1,
                "aws_v1_http_token": 2,
                "gce_http_endpoint": 1,
                "gce_http_token": 1
              }
            ],
            "name": "k8s-worker-2",
            "network_acceleration_type": "standard",
            "network_interface": [
              {
                "dns_record": [],
                "index": 0,
                "ip_address": "10.240.0.32",
                "ipv4": true,
                "ipv6": false,
                "ipv6_address": "",
                "ipv6_dns_record": [],
                "mac_address": "d0:0d:18:c2:06:6b",
                "nat": true,
                "nat_dns_record": [],
                "nat_ip_address": "158.160.64.187",
                "nat_ip_version": "IPV4",
                "security_group_ids": [],
                "subnet_id": "e2llv9ejrp9tnag9d45i"
              }
            ],
            "placement_policy": [
              {
                "host_affinity_rules": [],
                "placement_group_id": "",
                "placement_group_partition": 0
              }
            ],
            "platform_id": "standard-v1",
            "resources": [
              {
                "core_fraction": 100,
                "cores": 2,
                "gpus": 0,
                "memory": 4
              }
            ],
            "scheduling_policy": [
              {
                "preemptible": false
              }
            ],
            "secondary_disk": [],
            "service_account_id": "",
            "status": "running",
            "timeouts": null,
            "zone": "ru-central1-b"
          },
          "sensitive_attributes": [],
          "identity_schema_version": 0,
          "private": "eyJlMmJmYjczMC1lY2FhLTExZTYtOGY4OC0zNDM2M2JjN2M0YzAiOnsiY3JlYXRlIjozMDAwMDAwMDAwMDAsImRlbGV0ZSI6MzAwMDAwMDAwMDAwLCJ1cGRhdGUiOjMwMDAwMDAwMDAwMH0sInNjaGVtYV92ZXJzaW9uIjoiMSJ9",
          "dependencies": [
            "data.yandex_compute_image.ubuntu",
            "yandex_vpc_network.k8s_net",
            "yandex_vpc_subnet.k8s_subnet"
          ]
        },
        {
          "index_key": 3,
          "schema_version": 1,
          "attributes": {
            "allow_recreate": null,
            "allow_stopping_for_update": null,
            "boot_disk": [
              {
                "auto_delete": true,
                "device_name": "epdotdoeosvmf5kldi26",
                "disk_id": "epdotdoeosvmf5kldi26",
                "initialize_params": [
                  {
                    "block_size": 4096,
                    "description": "",
                    "image_id": "fd8ll63hk9brrfbfe0tl",
                    "kms_key_id": "",
                    "name": "",
                    "size": 20,
                    "snapshot_id": "",
                    "type": "network-hdd"
                  }
                ],
                "mode": "READ_WRITE"
              }
            ],
            "created_at": "2025-06-08T18:49:15Z",
            "description": "",
            "filesystem": [],
            "folder_id": "b1gjbtfobj69akrsh9gk",
            "fqdn": "k8s-worker-3.ru-central1.internal",
            "gpu_cluster_id": "",
            "hardware_generation": [
              {
                "generation2_features": [],
                "legacy_features": [
                  {
                    "pci_topology": "PCI_TOPOLOGY_V2"
                  }
                ]
              }
            ],
            "hostname": "k8s-worker-3",
            "id": "epd8125mbikoslhefm3k",
            "labels": null,
            "local_disk": [],
            "maintenance_grace_period": "",
            "maintenance_policy": null,
            "metadata": {
              "ssh-keys": "ubuntu:ssh-rsa AAAAB3NzaC1yc2EAAAADAQABAAACAQC9veUXfX9dSK8Bd3X0b8/VjnB0fX28fPQ4Epjcbi0KsHaFvQe5WxzTluH1XWUlA2cEUv7QJbZbbgAVX14cu5tk4fSoI2dosP+EKs67QGS9nZ5hjrObnFxQ7EzcNXYeZkok2L7jePrhA3czqXg39pfJ+SxbPF4YNrPZQCV08ZrGgQDlACYIkTcS9eyG0f3Hfauy2GDgG9ZZ10Tzp0JI+KYqTOd/816kqrVManGgW85AYa+lPdFlybe00jHCoYfpqAo3RKIBRI91D4tNsgC5JPkCPZ6K9G64mKYM9PPCImLq6w39U2hCupeiDEXCZBnVVDYPPQ8SqLkB67++8fZneWsAy+N+rIJFobtlRRvsM+i+AYOV/6Zf3EGfPADeU3tLVMeMpaslfcP5i56PxSW4RcW+E5euiC52mynzprmUj9tPbW/+987NOsRBs/TPVJIHwKoHDWi4hnkEuePrHTkfiABPHzq9aQj8H09oWG++v2ogGDR0dxL3Hb8JM4N8QwsqunGlJgxgtTYH4zkmtJqKvv+T81TB8D1RYVl++iE+4iNB5hIbSwTlaSK5C7+CkLpLb/CHSas2Y5tPIVfgWVGuJ90GjzvNCHt21OwKWnOzt1uH/sMBgu70yqBL1iZCc1CRlfn3kVOFNd7sxwix5CM/X/DIakc1CJ9gFRuEID58cI1iGw== test\n"
            },
            "metadata_options": [
              {
                "aws_v1_http_endpoint": 1,
                "aws_v1_http_token": 2,
                "gce_http_endpoint": 1,
                "gce_http_token": 1
              }
            ],
            "name": "k8s-worker-3",
            "network_acceleration_type": "standard",
            "network_interface": [
              {
                "dns_record": [],
                "index": 0,
                "ip_address": "10.240.0.36",
                "ipv4": true,
                "ipv6": false,
                "ipv6_address": "",
                "ipv6_dns_record": [],
                "mac_address": "d0:0d:80:88:b6:5c",
                "nat": true,
                "nat_dns_record": [],
                "nat_ip_address": "158.160.83.173",
                "nat_ip_version": "IPV4",
                "security_group_ids": [],
                "subnet_id": "e2llv9ejrp9tnag9d45i"
              }
            ],
            "placement_policy": [
              {
                "host_affinity_rules": [],
                "placement_group_id": "",
                "placement_group_partition": 0
              }
            ],
            "platform_id": "standard-v1",
            "resources": [
              {
                "core_fraction": 100,
                "cores": 2,
                "gpus": 0,
                "memory": 4
              }
            ],
            "scheduling_policy": [
              {
                "preemptible": false
              }
            ],
            "secondary_disk": [],
            "service_account_id": "",
            "status": "running",
            "timeouts": null,
            "zone": "ru-central1-b"
          },
          "sensitive_attributes": [],
          "identity_schema_version": 0,
          "private": "eyJlMmJmYjczMC1lY2FhLTExZTYtOGY4OC0zNDM2M2JjN2M0YzAiOnsiY3JlYXRlIjozMDAwMDAwMDAwMDAsImRlbGV0ZSI6MzAwMDAwMDAwMDAwLCJ1cGRhdGUiOjMwMDAwMDAwMDAwMH0sInNjaGVtYV92ZXJzaW9uIjoiMSJ9",
          "dependencies": [
            "data.yandex_compute_image.ubuntu",
            "yandex_vpc_network.k8s_net",
            "yandex_vpc_subnet.k8s_subnet"
          ]
        }
      ]
    },
    {
      "mode": "managed",
      "type": "yandex_vpc_network",
      "name": "k8s_net",
      "provider": "provider[\"registry.terraform.io/yandex-cloud/yandex\"]",
      "instances": [
        {
          "schema_version": 0,
          "attributes": {
            "created_at": "2025-06-08T18:49:11Z",
            "default_security_group_id": "enpaj4iju45mqos3nhfp",
            "description": "",
            "folder_id": "b1gjbtfobj69akrsh9gk",
            "id": "enpodrcgipv3b5v4en5c",
            "labels": {},
            "name": "k8s-network",
            "subnet_ids": [],
            "timeouts": null
          },
          "sensitive_attributes": [],
          "identity_schema_version": 0,
          "private": "eyJlMmJmYjczMC1lY2FhLTExZTYtOGY4OC0zNDM2M2JjN2M0YzAiOnsiY3JlYXRlIjo2MDAwMDAwMDAwMCwiZGVsZXRlIjo2MDAwMDAwMDAwMCwidXBkYXRlIjo2MDAwMDAwMDAwMH19"
        }
      ]
    },
    {
      "mode": "managed",
      "type": "yandex_vpc_subnet",
      "name": "k8s_subnet",
      "provider": "provider[\"registry.terraform.io/yandex-cloud/yandex\"]",
      "instances": [
        {
          "schema_version": 0,
          "attributes": {
            "created_at": "2025-06-08T18:49:14Z",
            "description": "",
            "dhcp_options": [],
            "folder_id": "b1gjbtfobj69akrsh9gk",
            "id": "e2llv9ejrp9tnag9d45i",
            "labels": {},
            "name": "k8s-subnet",
            "network_id": "enpodrcgipv3b5v4en5c",
            "route_table_id": "",
            "timeouts": null,
            "v4_cidr_blocks": [
              "10.240.0.0/24"
            ],
            "v6_cidr_blocks": [],
            "zone": "ru-central1-b"
          },
          "sensitive_attributes": [],
          "identity_schema_version": 0,
          "private": "eyJlMmJmYjczMC1lY2FhLTExZTYtOGY4OC0zNDM2M2JjN2M0YzAiOnsiY3JlYXRlIjoxODAwMDAwMDAwMDAsImRlbGV0ZSI6MTgwMDAwMDAwMDAwLCJ1cGRhdGUiOjE4MDAwMDAwMDAwMH19",
          "dependencies": [
            "yandex_vpc_network.k8s_net"
          ]
        }
      ]
    }
  ],
  "check_results": null
}
